
Microsoft Visual Studio Solution File, Format Version 12.00
# Visual Studio Version 17
VisualStudioVersion = 17.6.33815.320
MinimumVisualStudioVersion = 10.0.40219.1
Project("{FAE04EC0-301F-11D3-BF4B-00C04F79EFBC}") = "kornyakovpr8", "kornyakovpr8\kornyakovpr8.csproj", "{63DB42C4-ABAD-48EC-80DC-3D7CC06BBB6F}"
EndProject
Global
	GlobalSection(SolutionConfigurationPlatforms) = preSolution
		Debug|Any CPU = Debug|Any CPU
		Release|Any CPU = Release|Any CPU
	EndGlobalSection
	GlobalSection(ProjectConfigurationPlatforms) = postSolution
		{63DB42C4-ABAD-48EC-80DC-3D7CC06BBB6F}.Debug|Any CPU.ActiveCfg = Debug|Any CPU
		{63DB42C4-ABAD-48EC-80DC-3D7CC06BBB6F}.Debug|Any CPU.Build.0 = Debug|Any CPU
		{63DB42C4-ABAD-48EC-80DC-3D7CC06BBB6F}.Release|Any CPU.ActiveCfg = Release|Any CPU
		{63DB42C4-ABAD-48EC-80DC-3D7CC06BBB6F}.Release|Any CPU.Build.0 = Release|Any CPU
	EndGlobalSection
	GlobalSection(SolutionProperties) = preSolution
		HideSolutionNode = FALSE
	EndGlobalSection
	GlobalSection(ExtensibilityGlobals) = postSolution
		SolutionGuid = {9F4BAE25-0BDB-4833-A9A6-5617C1CACC5F}
	EndGlobalSection
EndGlobal
